
Microsoft Visual Studio Solution File, Format Version 12.00
# Visual Studio 2012
Project("{E24C65DC-7377-472B-9ABA-BC803B73C61A}") = "opname.github.io", ".", "{11997F77-5E89-4619-BFFB-98A881DAEA5B}"
	ProjectSection(WebsiteProperties) = preProject
		TargetFrameworkMoniker = ".NETFramework,Version%3Dv4.0"
		Debug.AspNetCompiler.VirtualPath = "/opname.github.io"
		Debug.AspNetCompiler.PhysicalPath = "F:\1.opname.git.repos\opname.github.io\"
		Debug.AspNetCompiler.TargetPath = "PrecompiledWeb\opname.github.io\"
		Debug.AspNetCompiler.Updateable = "true"
		Debug.AspNetCompiler.ForceOverwrite = "true"
		Debug.AspNetCompiler.FixedNames = "false"
		Debug.AspNetCompiler.Debug = "True"
		Release.AspNetCompiler.VirtualPath = "/opname.github.io"
		Release.AspNetCompiler.PhysicalPath = "F:\1.opname.git.repos\opname.github.io\"
		Release.AspNetCompiler.TargetPath = "PrecompiledWeb\opname.github.io\"
		Release.AspNetCompiler.Updateable = "true"
		Release.AspNetCompiler.ForceOverwrite = "true"
		Release.AspNetCompiler.FixedNames = "false"
		Release.AspNetCompiler.Debug = "False"
		VWDPort = "43131"
	EndProjectSection
EndProject
Global
	GlobalSection(SolutionConfigurationPlatforms) = preSolution
		Debug|Any CPU = Debug|Any CPU
	EndGlobalSection
	GlobalSection(ProjectConfigurationPlatforms) = postSolution
		{11997F77-5E89-4619-BFFB-98A881DAEA5B}.Debug|Any CPU.ActiveCfg = Debug|Any CPU
		{11997F77-5E89-4619-BFFB-98A881DAEA5B}.Debug|Any CPU.Build.0 = Debug|Any CPU
	EndGlobalSection
	GlobalSection(SolutionProperties) = preSolution
		HideSolutionNode = FALSE
	EndGlobalSection
EndGlobal
